
Microsoft Visual Studio Solution File, Format Version 12.00
# Visual Studio 15
VisualStudioVersion = 15.0.27130.2027
MinimumVisualStudioVersion = 10.0.40219.1
Project("{FAE04EC0-301F-11D3-BF4B-00C04F79EFBC}") = "ReadWayInternationCollege", "ReadWayInternationCollege\ReadWayInternationCollege.csproj", "{D935ADDD-6795-4CD8-B1A1-0A10F4F4F32E}"
EndProject
Global
	GlobalSection(SolutionConfigurationPlatforms) = preSolution
		Debug|Any CPU = Debug|Any CPU
		Release|Any CPU = Release|Any CPU
	EndGlobalSection
	GlobalSection(ProjectConfigurationPlatforms) = postSolution
		{D935ADDD-6795-4CD8-B1A1-0A10F4F4F32E}.Debug|Any CPU.ActiveCfg = Debug|Any CPU
		{D935ADDD-6795-4CD8-B1A1-0A10F4F4F32E}.Debug|Any CPU.Build.0 = Debug|Any CPU
		{D935ADDD-6795-4CD8-B1A1-0A10F4F4F32E}.Release|Any CPU.ActiveCfg = Release|Any CPU
		{D935ADDD-6795-4CD8-B1A1-0A10F4F4F32E}.Release|Any CPU.Build.0 = Release|Any CPU
	EndGlobalSection
	GlobalSection(SolutionProperties) = preSolution
		HideSolutionNode = FALSE
	EndGlobalSection
	GlobalSection(ExtensibilityGlobals) = postSolution
		SolutionGuid = {DA6177B4-E60D-4037-9167-02024F36F356}
	EndGlobalSection
EndGlobal
